
Microsoft Visual Studio Solution File, Format Version 12.00
# Visual Studio Version 17
VisualStudioVersion = 17.7.34024.191
MinimumVisualStudioVersion = 10.0.40219.1
Project("{9A19103F-16F7-4668-BE54-9A1E7A4F7556}") = "TerraFlipper", "TerraFlipper.csproj", "{3D58A69A-C339-4346-8103-76883B8523A3}"
EndProject
Global
	GlobalSection(SolutionConfigurationPlatforms) = preSolution
		Debug|Any CPU = Debug|Any CPU
		Release|Any CPU = Release|Any CPU
	EndGlobalSection
	GlobalSection(ProjectConfigurationPlatforms) = postSolution
		{3D58A69A-C339-4346-8103-76883B8523A3}.Debug|Any CPU.ActiveCfg = Debug|Any CPU
		{3D58A69A-C339-4346-8103-76883B8523A3}.Debug|Any CPU.Build.0 = Debug|Any CPU
		{3D58A69A-C339-4346-8103-76883B8523A3}.Release|Any CPU.ActiveCfg = Release|Any CPU
		{3D58A69A-C339-4346-8103-76883B8523A3}.Release|Any CPU.Build.0 = Release|Any CPU
	EndGlobalSection
	GlobalSection(SolutionProperties) = preSolution
		HideSolutionNode = FALSE
	EndGlobalSection
	GlobalSection(ExtensibilityGlobals) = postSolution
		SolutionGuid = {0DA0A7AB-F022-425A-AA9E-29F321522CDB}
	EndGlobalSection
EndGlobal
